
Microsoft Visual Studio Solution File, Format Version 12.00
# Visual Studio Version 17
VisualStudioVersion = 17.4.33110.190
MinimumVisualStudioVersion = 10.0.40219.1
Project("{FAE04EC0-301F-11D3-BF4B-00C04F79EFBC}") = "WindowsFormsApp1", "WindowsFormsApp1\WindowsFormsApp1.csproj", "{83A2055E-3A18-4143-81B1-26CC1CEB51A5}"
EndProject
Global
	GlobalSection(SolutionConfigurationPlatforms) = preSolution
		Debug|Any CPU = Debug|Any CPU
		Release|Any CPU = Release|Any CPU
	EndGlobalSection
	GlobalSection(ProjectConfigurationPlatforms) = postSolution
		{83A2055E-3A18-4143-81B1-26CC1CEB51A5}.Debug|Any CPU.ActiveCfg = Debug|Any CPU
		{83A2055E-3A18-4143-81B1-26CC1CEB51A5}.Debug|Any CPU.Build.0 = Debug|Any CPU
		{83A2055E-3A18-4143-81B1-26CC1CEB51A5}.Release|Any CPU.ActiveCfg = Release|Any CPU
		{83A2055E-3A18-4143-81B1-26CC1CEB51A5}.Release|Any CPU.Build.0 = Release|Any CPU
	EndGlobalSection
	GlobalSection(SolutionProperties) = preSolution
		HideSolutionNode = FALSE
	EndGlobalSection
	GlobalSection(ExtensibilityGlobals) = postSolution
		SolutionGuid = {C92AB273-54A5-4BDF-A638-711C0E93B8BB}
	EndGlobalSection
EndGlobal
